
Microsoft Visual Studio Solution File, Format Version 12.00
Project("{FAE04EC0-301F-11D3-BF4B-00C04F79EFBC}") = "WebSocketServer", "WebSocketServer.csproj", "{8E25D4AE-70A3-4B4E-83E7-A6145C092C8A}"
EndProject
Global
	GlobalSection(SolutionConfigurationPlatforms) = preSolution
		Debug|Any CPU = Debug|Any CPU
		Release|Any CPU = Release|Any CPU
	EndGlobalSection
	GlobalSection(ProjectConfigurationPlatforms) = postSolution
		{8E25D4AE-70A3-4B4E-83E7-A6145C092C8A}.Debug|Any CPU.ActiveCfg = Debug|Any CPU
		{8E25D4AE-70A3-4B4E-83E7-A6145C092C8A}.Debug|Any CPU.Build.0 = Debug|Any CPU
		{8E25D4AE-70A3-4B4E-83E7-A6145C092C8A}.Release|Any CPU.ActiveCfg = Release|Any CPU
		{8E25D4AE-70A3-4B4E-83E7-A6145C092C8A}.Release|Any CPU.Build.0 = Release|Any CPU
	EndGlobalSection
EndGlobal
